// !$*UTF8*$!
{
	archiveVersion = 1;
	classes = {
	};
	objectVersion = 46;
	objects = {

/* Begin PBXBuildFile section */
		A7952E541598C5B700590CAA /* UIKit.framework in Frameworks */ = {isa = PBXBuildFile; fileRef = A7952E531598C5B700590CAA /* UIKit.framework */; };
		A7952E561598C5B700590CAA /* Foundation.framework in Frameworks */ = {isa = PBXBuildFile; fileRef = A7952E551598C5B700590CAA /* Foundation.framework */; };
		A7952E581598C5B700590CAA /* CoreGraphics.framework in Frameworks */ = {isa = PBXBuildFile; fileRef = A7952E571598C5B700590CAA /* CoreGraphics.framework */; };
		A7952E5E1598C5B700590CAA /* InfoPlist.strings in Resources */ = {isa = PBXBuildFile; fileRef = A7952E5C1598C5B700590CAA /* InfoPlist.strings */; };
		A7952E601598C5B700590CAA /* main.m in Sources */ = {isa = PBXBuildFile; fileRef = A7952E5F1598C5B700590CAA /* main.m */; };
		A7952E7A1598C63400590CAA /* AppDelegate.m in Sources */ = {isa = PBXBuildFile; fileRef = A7952E761598C63400590CAA /* AppDelegate.m */; };
		A7952E7B1598C63400590CAA /* ViewController.m in Sources */ = {isa = PBXBuildFile; fileRef = A7952E781598C63400590CAA /* ViewController.m */; };
		A7952E7C1598C63400590CAA /* ViewController.xib in Resources */ = {isa = PBXBuildFile; fileRef = A7952E791598C63400590CAA /* ViewController.xib */; };
		A7952E801598C6D400590CAA /* CFNetwork.framework in Frameworks */ = {isa = PBXBuildFile; fileRef = A7952E7F1598C6D400590CAA /* CFNetwork.framework */; };
		A7952E821598C6D900590CAA /* CoreData.framework in Frameworks */ = {isa = PBXBuildFile; fileRef = A7952E811598C6D900590CAA /* CoreData.framework */; };
		A7952E841598C6DE00590CAA /* Security.framework in Frameworks */ = {isa = PBXBuildFile; fileRef = A7952E831598C6DE00590CAA /* Security.framework */; };
		A7952E861598C6EC00590CAA /* MobileCoreServices.framework in Frameworks */ = {isa = PBXBuildFile; fileRef = A7952E851598C6EC00590CAA /* MobileCoreServices.framework */; };
		A7952E881598C6F000590CAA /* SystemConfiguration.framework in Frameworks */ = {isa = PBXBuildFile; fileRef = A7952E871598C6F000590CAA /* SystemConfiguration.framework */; };
		A7952E8A1598C6F400590CAA /* libxml2.dylib in Frameworks */ = {isa = PBXBuildFile; fileRef = A7952E891598C6F400590CAA /* libxml2.dylib */; };
		A7952E8C1598C6F900590CAA /* QuartzCore.framework in Frameworks */ = {isa = PBXBuildFile; fileRef = A7952E8B1598C6F900590CAA /* QuartzCore.framework */; };
		A7952EE01598CCD100590CAA /* libESClient.a in Frameworks */ = {isa = PBXBuildFile; fileRef = A7952ED91598CC0E00590CAA /* libESClient.a */; };
		A7952EE51598CE0400590CAA /* config.plist in Resources */ = {isa = PBXBuildFile; fileRef = A7952EE41598CE0400590CAA /* config.plist */; };
/* End PBXBuildFile section */

/* Begin PBXContainerItemProxy section */
		A7952ED81598CC0E00590CAA /* PBXContainerItemProxy */ = {
			isa = PBXContainerItemProxy;
			containerPortal = A7952ECE1598CC0D00590CAA /* ESClient.xcodeproj */;
			proxyType = 2;
			remoteGlobalIDString = A7952D991598BE6600590CAA;
			remoteInfo = ESClient;
		};
		A7952EDA1598CC0E00590CAA /* PBXContainerItemProxy */ = {
			isa = PBXContainerItemProxy;
			containerPortal = A7952ECE1598CC0D00590CAA /* ESClient.xcodeproj */;
			proxyType = 2;
			remoteGlobalIDString = A7952E331598C4BE00590CAA;
			remoteInfo = ESClientResources;
		};
		A7952EDE1598CCC200590CAA /* PBXContainerItemProxy */ = {
			isa = PBXContainerItemProxy;
			containerPortal = A7952ECE1598CC0D00590CAA /* ESClient.xcodeproj */;
			proxyType = 1;
			remoteGlobalIDString = A7952D981598BE6600590CAA;
			remoteInfo = ESClient;
		};
		A7952EE21598CD9E00590CAA /* PBXContainerItemProxy */ = {
			isa = PBXContainerItemProxy;
			containerPortal = A7952ECE1598CC0D00590CAA /* ESClient.xcodeproj */;
			proxyType = 1;
			remoteGlobalIDString = A7952E321598C4BE00590CAA;
			remoteInfo = ESClientResources;
		};
/* End PBXContainerItemProxy section */

/* Begin PBXFileReference section */
		A7952E4F1598C5B700590CAA /* ESClientDemo.app */ = {isa = PBXFileReference; explicitFileType = wrapper.application; includeInIndex = 0; path = ESClientDemo.app; sourceTree = BUILT_PRODUCTS_DIR; };
		A7952E531598C5B700590CAA /* UIKit.framework */ = {isa = PBXFileReference; lastKnownFileType = wrapper.framework; name = UIKit.framework; path = System/Library/Frameworks/UIKit.framework; sourceTree = SDKROOT; };
		A7952E551598C5B700590CAA /* Foundation.framework */ = {isa = PBXFileReference; lastKnownFileType = wrapper.framework; name = Foundation.framework; path = System/Library/Frameworks/Foundation.framework; sourceTree = SDKROOT; };
		A7952E571598C5B700590CAA /* CoreGraphics.framework */ = {isa = PBXFileReference; lastKnownFileType = wrapper.framework; name = CoreGraphics.framework; path = System/Library/Frameworks/CoreGraphics.framework; sourceTree = SDKROOT; };
		A7952E5B1598C5B700590CAA /* ESClientDemo-Info.plist */ = {isa = PBXFileReference; lastKnownFileType = text.plist.xml; path = "ESClientDemo-Info.plist"; sourceTree = "<group>"; };
		A7952E5D1598C5B700590CAA /* en */ = {isa = PBXFileReference; lastKnownFileType = text.plist.strings; name = en; path = en.lproj/InfoPlist.strings; sourceTree = "<group>"; };
		A7952E5F1598C5B700590CAA /* main.m */ = {isa = PBXFileReference; lastKnownFileType = sourcecode.c.objc; path = main.m; sourceTree = "<group>"; };
		A7952E611598C5B700590CAA /* ESClientDemo-Prefix.pch */ = {isa = PBXFileReference; lastKnownFileType = sourcecode.c.h; path = "ESClientDemo-Prefix.pch"; sourceTree = "<group>"; };
		A7952E751598C63400590CAA /* AppDelegate.h */ = {isa = PBXFileReference; fileEncoding = 4; lastKnownFileType = sourcecode.c.h; path = AppDelegate.h; sourceTree = "<group>"; };
		A7952E761598C63400590CAA /* AppDelegate.m */ = {isa = PBXFileReference; fileEncoding = 4; lastKnownFileType = sourcecode.c.objc; path = AppDelegate.m; sourceTree = "<group>"; };
		A7952E771598C63400590CAA /* ViewController.h */ = {isa = PBXFileReference; fileEncoding = 4; lastKnownFileType = sourcecode.c.h; path = ViewController.h; sourceTree = "<group>"; };
		A7952E781598C63400590CAA /* ViewController.m */ = {isa = PBXFileReference; fileEncoding = 4; lastKnownFileType = sourcecode.c.objc; path = ViewController.m; sourceTree = "<group>"; };
		A7952E791598C63400590CAA /* ViewController.xib */ = {isa = PBXFileReference; fileEncoding = 4; lastKnownFileType = file.xib; path = ViewController.xib; sourceTree = "<group>"; };
		A7952E7F1598C6D400590CAA /* CFNetwork.framework */ = {isa = PBXFileReference; lastKnownFileType = wrapper.framework; name = CFNetwork.framework; path = System/Library/Frameworks/CFNetwork.framework; sourceTree = SDKROOT; };
		A7952E811598C6D900590CAA /* CoreData.framework */ = {isa = PBXFileReference; lastKnownFileType = wrapper.framework; name = CoreData.framework; path = System/Library/Frameworks/CoreData.framework; sourceTree = SDKROOT; };
		A7952E831598C6DE00590CAA /* Security.framework */ = {isa = PBXFileReference; lastKnownFileType = wrapper.framework; name = Security.framework; path = System/Library/Frameworks/Security.framework; sourceTree = SDKROOT; };
		A7952E851598C6EC00590CAA /* MobileCoreServices.framework */ = {isa = PBXFileReference; lastKnownFileType = wrapper.framework; name = MobileCoreServices.framework; path = System/Library/Frameworks/MobileCoreServices.framework; sourceTree = SDKROOT; };
		A7952E871598C6F000590CAA /* SystemConfiguration.framework */ = {isa = PBXFileReference; lastKnownFileType = wrapper.framework; name = SystemConfiguration.framework; path = System/Library/Frameworks/SystemConfiguration.framework; sourceTree = SDKROOT; };
		A7952E891598C6F400590CAA /* libxml2.dylib */ = {isa = PBXFileReference; lastKnownFileType = "compiled.mach-o.dylib"; name = libxml2.dylib; path = usr/lib/libxml2.dylib; sourceTree = SDKROOT; };
		A7952E8B1598C6F900590CAA /* QuartzCore.framework */ = {isa = PBXFileReference; lastKnownFileType = wrapper.framework; name = QuartzCore.framework; path = System/Library/Frameworks/QuartzCore.framework; sourceTree = SDKROOT; };
		A7952ECE1598CC0D00590CAA /* ESClient.xcodeproj */ = {isa = PBXFileReference; lastKnownFileType = "wrapper.pb-project"; name = ESClient.xcodeproj; path = ESClient/ESClient.xcodeproj; sourceTree = SOURCE_ROOT; };
		A7952EE41598CE0400590CAA /* config.plist */ = {isa = PBXFileReference; fileEncoding = 4; lastKnownFileType = text.plist.xml; path = config.plist; sourceTree = "<group>"; };
/* End PBXFileReference section */

/* Begin PBXFrameworksBuildPhase section */
		A7952E4C1598C5B700590CAA /* Frameworks */ = {
			isa = PBXFrameworksBuildPhase;
			buildActionMask = 2147483647;
			files = (
				A7952EE01598CCD100590CAA /* libESClient.a in Frameworks */,
				A7952E8C1598C6F900590CAA /* QuartzCore.framework in Frameworks */,
				A7952E8A1598C6F400590CAA /* libxml2.dylib in Frameworks */,
				A7952E881598C6F000590CAA /* SystemConfiguration.framework in Frameworks */,
				A7952E861598C6EC00590CAA /* MobileCoreServices.framework in Frameworks */,
				A7952E841598C6DE00590CAA /* Security.framework in Frameworks */,
				A7952E821598C6D900590CAA /* CoreData.framework in Frameworks */,
				A7952E801598C6D400590CAA /* CFNetwork.framework in Frameworks */,
				A7952E541598C5B700590CAA /* UIKit.framework in Frameworks */,
				A7952E561598C5B700590CAA /* Foundation.framework in Frameworks */,
				A7952E581598C5B700590CAA /* CoreGraphics.framework in Frameworks */,
			);
			runOnlyForDeploymentPostprocessing = 0;
		};
/* End PBXFrameworksBuildPhase section */

/* Begin PBXGroup section */
		A7952E441598C5B700590CAA = {
			isa = PBXGroup;
			children = (
				A7952E591598C5B700590CAA /* ESClientDemo */,
				A7952E7D1598C6B900590CAA /* Frameworks */,
				A7952E7E1598C6B900590CAA /* Resources */,
				A7952E501598C5B700590CAA /* Products */,
			);
			sourceTree = "<group>";
		};
		A7952E501598C5B700590CAA /* Products */ = {
			isa = PBXGroup;
			children = (
				A7952E4F1598C5B700590CAA /* ESClientDemo.app */,
			);
			name = Products;
			sourceTree = "<group>";
		};
		A7952E591598C5B700590CAA /* ESClientDemo */ = {
			isa = PBXGroup;
			children = (
				A7952E751598C63400590CAA /* AppDelegate.h */,
				A7952E761598C63400590CAA /* AppDelegate.m */,
				A7952E771598C63400590CAA /* ViewController.h */,
				A7952E781598C63400590CAA /* ViewController.m */,
				A7952E791598C63400590CAA /* ViewController.xib */,
				A7952E5A1598C5B700590CAA /* Supporting Files */,
			);
			path = ESClientDemo;
			sourceTree = "<group>";
		};
		A7952E5A1598C5B700590CAA /* Supporting Files */ = {
			isa = PBXGroup;
			children = (
				A7952EE41598CE0400590CAA /* config.plist */,
				A7952E5B1598C5B700590CAA /* ESClientDemo-Info.plist */,
				A7952E5C1598C5B700590CAA /* InfoPlist.strings */,
				A7952E5F1598C5B700590CAA /* main.m */,
				A7952E611598C5B700590CAA /* ESClientDemo-Prefix.pch */,
			);
			name = "Supporting Files";
			sourceTree = "<group>";
		};
		A7952E7D1598C6B900590CAA /* Frameworks */ = {
			isa = PBXGroup;
			children = (
				A7952E891598C6F400590CAA /* libxml2.dylib */,
				A7952ECE1598CC0D00590CAA /* ESClient.xcodeproj */,
				A7952E8B1598C6F900590CAA /* QuartzCore.framework */,
				A7952E871598C6F000590CAA /* SystemConfiguration.framework */,
				A7952E851598C6EC00590CAA /* MobileCoreServices.framework */,
				A7952E831598C6DE00590CAA /* Security.framework */,
				A7952E811598C6D900590CAA /* CoreData.framework */,
				A7952E7F1598C6D400590CAA /* CFNetwork.framework */,
				A7952E531598C5B700590CAA /* UIKit.framework */,
				A7952E551598C5B700590CAA /* Foundation.framework */,
				A7952E571598C5B700590CAA /* CoreGraphics.framework */,
			);
			path = Frameworks;
			sourceTree = "<group>";
		};
		A7952E7E1598C6B900590CAA /* Resources */ = {
			isa = PBXGroup;
			children = (
			);
			path = Resources;
			sourceTree = "<group>";
		};
		A7952ECF1598CC0D00590CAA /* Products */ = {
			isa = PBXGroup;
			children = (
				A7952ED91598CC0E00590CAA /* libESClient.a */,
				A7952EDB1598CC0E00590CAA /* ESClient.bundle */,
			);
			name = Products;
			sourceTree = "<group>";
		};
/* End PBXGroup section */

/* Begin PBXNativeTarget section */
		A7952E4E1598C5B700590CAA /* ESClientDemo */ = {
			isa = PBXNativeTarget;
			buildConfigurationList = A7952E6D1598C5B700590CAA /* Build configuration list for PBXNativeTarget "ESClientDemo" */;
			buildPhases = (
				A7952E4B1598C5B700590CAA /* Sources */,
				A7952E4C1598C5B700590CAA /* Frameworks */,
				A7952E4D1598C5B700590CAA /* Resources */,
			);
			buildRules = (
			);
			dependencies = (
				A7952EE31598CD9E00590CAA /* PBXTargetDependency */,
				A7952EDF1598CCC200590CAA /* PBXTargetDependency */,
			);
			name = ESClientDemo;
			productName = ESClientDemo;
			productReference = A7952E4F1598C5B700590CAA /* ESClientDemo.app */;
			productType = "com.apple.product-type.application";
		};
/* End PBXNativeTarget section */

/* Begin PBXProject section */
		A7952E461598C5B700590CAA /* Project object */ = {
			isa = PBXProject;
			attributes = {
				LastUpgradeCheck = 0430;
			};
			buildConfigurationList = A7952E491598C5B700590CAA /* Build configuration list for PBXProject "ESClientDemo" */;
			compatibilityVersion = "Xcode 3.2";
			developmentRegion = English;
			hasScannedForEncodings = 0;
			knownRegions = (
				en,
			);
			mainGroup = A7952E441598C5B700590CAA;
			productRefGroup = A7952E501598C5B700590CAA /* Products */;
			projectDirPath = "";
			projectReferences = (
				{
					ProductGroup = A7952ECF1598CC0D00590CAA /* Products */;
					ProjectRef = A7952ECE1598CC0D00590CAA /* ESClient.xcodeproj */;
				},
			);
			projectRoot = "";
			targets = (
				A7952E4E1598C5B700590CAA /* ESClientDemo */,
			);
		};
/* End PBXProject section */

/* Begin PBXReferenceProxy section */
		A7952ED91598CC0E00590CAA /* libESClient.a */ = {
			isa = PBXReferenceProxy;
			fileType = archive.ar;
			path = libESClient.a;
			remoteRef = A7952ED81598CC0E00590CAA /* PBXContainerItemProxy */;
			sourceTree = BUILT_PRODUCTS_DIR;
		};
		A7952EDB1598CC0E00590CAA /* ESClient.bundle */ = {
			isa = PBXReferenceProxy;
			fileType = wrapper.cfbundle;
			path = ESClient.bundle;
			remoteRef = A7952EDA1598CC0E00590CAA /* PBXContainerItemProxy */;
			sourceTree = BUILT_PRODUCTS_DIR;
		};
/* End PBXReferenceProxy section */

/* Begin PBXResourcesBuildPhase section */
		A7952E4D1598C5B700590CAA /* Resources */ = {
			isa = PBXResourcesBuildPhase;
			buildActionMask = 2147483647;
			files = (
				A7952E5E1598C5B700590CAA /* InfoPlist.strings in Resources */,
				A7952E7C1598C63400590CAA /* ViewController.xib in Resources */,
				A7952EE51598CE0400590CAA /* config.plist in Resources */,
			);
			runOnlyForDeploymentPostprocessing = 0;
		};
/* End PBXResourcesBuildPhase section */

/* Begin PBXSourcesBuildPhase section */
		A7952E4B1598C5B700590CAA /* Sources */ = {
			isa = PBXSourcesBuildPhase;
			buildActionMask = 2147483647;
			files = (
				A7952E601598C5B700590CAA /* main.m in Sources */,
				A7952E7A1598C63400590CAA /* AppDelegate.m in Sources */,
				A7952E7B1598C63400590CAA /* ViewController.m in Sources */,
			);
			runOnlyForDeploymentPostprocessing = 0;
		};
/* End PBXSourcesBuildPhase section */

/* Begin PBXTargetDependency section */
		A7952EDF1598CCC200590CAA /* PBXTargetDependency */ = {
			isa = PBXTargetDependency;
			name = ESClient;
			targetProxy = A7952EDE1598CCC200590CAA /* PBXContainerItemProxy */;
		};
		A7952EE31598CD9E00590CAA /* PBXTargetDependency */ = {
			isa = PBXTargetDependency;
			name = ESClientResources;
			targetProxy = A7952EE21598CD9E00590CAA /* PBXContainerItemProxy */;
		};
/* End PBXTargetDependency section */

/* Begin PBXVariantGroup section */
		A7952E5C1598C5B700590CAA /* InfoPlist.strings */ = {
			isa = PBXVariantGroup;
			children = (
				A7952E5D1598C5B700590CAA /* en */,
			);
			name = InfoPlist.strings;
			sourceTree = "<group>";
		};
/* End PBXVariantGroup section */

/* Begin XCBuildConfiguration section */
		A7952E6B1598C5B700590CAA /* Debug */ = {
			isa = XCBuildConfiguration;
			buildSettings = {
				ALWAYS_SEARCH_USER_PATHS = NO;
				ARCHS = "$(ARCHS_STANDARD_32_BIT)";
				CLANG_ENABLE_OBJC_ARC = YES;
				"CODE_SIGN_IDENTITY[sdk=iphoneos*]" = "iPhone Developer";
				COPY_PHASE_STRIP = NO;
				GCC_C_LANGUAGE_STANDARD = gnu99;
				GCC_DYNAMIC_NO_PIC = NO;
				GCC_OPTIMIZATION_LEVEL = 0;
				GCC_PREPROCESSOR_DEFINITIONS = (
					"DEBUG=1",
					"$(inherited)",
				);
				GCC_SYMBOLS_PRIVATE_EXTERN = NO;
				GCC_VERSION = com.apple.compilers.llvm.clang.1_0;
				GCC_WARN_ABOUT_RETURN_TYPE = YES;
				GCC_WARN_UNINITIALIZED_AUTOS = YES;
				GCC_WARN_UNUSED_VARIABLE = YES;
				IPHONEOS_DEPLOYMENT_TARGET = 5.1;
				SDKROOT = iphoneos;
			};
			name = Debug;
		};
		A7952E6C1598C5B700590CAA /* Release */ = {
			isa = XCBuildConfiguration;
			buildSettings = {
				ALWAYS_SEARCH_USER_PATHS = NO;
				ARCHS = "$(ARCHS_STANDARD_32_BIT)";
				CLANG_ENABLE_OBJC_ARC = YES;
				"CODE_SIGN_IDENTITY[sdk=iphoneos*]" = "iPhone Developer";
				COPY_PHASE_STRIP = YES;
				GCC_C_LANGUAGE_STANDARD = gnu99;
				GCC_VERSION = com.apple.compilers.llvm.clang.1_0;
				GCC_WARN_ABOUT_RETURN_TYPE = YES;
				GCC_WARN_UNINITIALIZED_AUTOS = YES;
				GCC_WARN_UNUSED_VARIABLE = YES;
				IPHONEOS_DEPLOYMENT_TARGET = 5.1;
				OTHER_CFLAGS = "-DNS_BLOCK_ASSERTIONS=1";
				SDKROOT = iphoneos;
				VALIDATE_PRODUCT = YES;
			};
			name = Release;
		};
		A7952E6E1598C5B700590CAA /* Debug */ = {
			isa = XCBuildConfiguration;
			buildSettings = {
				GCC_PRECOMPILE_PREFIX_HEADER = YES;
				GCC_PREFIX_HEADER = "ESClientDemo/ESClientDemo-Prefix.pch";
				HEADER_SEARCH_PATHS = "\"$(BUILT_PRODUCTS_DIR)/../../Headers\"";
				INFOPLIST_FILE = "ESClientDemo/ESClientDemo-Info.plist";
				OTHER_LDFLAGS = (
					"-ObjC",
					"-all_load",
				);
				PRODUCT_NAME = "$(TARGET_NAME)";
				WRAPPER_EXTENSION = app;
			};
			name = Debug;
		};
		A7952E6F1598C5B700590CAA /* Release */ = {
			isa = XCBuildConfiguration;
			buildSettings = {
				GCC_PRECOMPILE_PREFIX_HEADER = YES;
				GCC_PREFIX_HEADER = "ESClientDemo/ESClientDemo-Prefix.pch";
				HEADER_SEARCH_PATHS = "\"$(BUILT_PRODUCTS_DIR)/../../Headers\"";
				INFOPLIST_FILE = "ESClientDemo/ESClientDemo-Info.plist";
				OTHER_LDFLAGS = (
					"-ObjC",
					"-all_load",
				);
				PRODUCT_NAME = "$(TARGET_NAME)";
				WRAPPER_EXTENSION = app;
			};
			name = Release;
		};
/* End XCBuildConfiguration section */

/* Begin XCConfigurationList section */
		A7952E491598C5B700590CAA /* Build configuration list for PBXProject "ESClientDemo" */ = {
			isa = XCConfigurationList;
			buildConfigurations = (
				A7952E6B1598C5B700590CAA /* Debug */,
				A7952E6C1598C5B700590CAA /* Release */,
			);
			defaultConfigurationIsVisible = 0;
			defaultConfigurationName = Release;
		};
		A7952E6D1598C5B700590CAA /* Build configuration list for PBXNativeTarget "ESClientDemo" */ = {
			isa = XCConfigurationList;
			buildConfigurations = (
				A7952E6E1598C5B700590CAA /* Debug */,
				A7952E6F1598C5B700590CAA /* Release */,
			);
			defaultConfigurationIsVisible = 0;
			defaultConfigurationName = Release;
		};
/* End XCConfigurationList section */
	};
	rootObject = A7952E461598C5B700590CAA /* Project object */;
}
